<?xml version="1.0" encoding="utf-8"?>
<Project ToolsVersion="4.0" xmlns="http://schemas.microsoft.com/developer/msbuild/2003">
  <ItemGroup>
    <Filter Include="소스 파일">
      <UniqueIdentifier>{4FC737F1-C7A5-4376-A066-2A32D752A2FF}</UniqueIdentifier>
      <Extensions>cpp;c;cc;cxx;c++;cppm;ixx;def;odl;idl;hpj;bat;asm;asmx</Extensions>
    </Filter>
    <Filter Include="헤더 파일">
      <UniqueIdentifier>{93995380-89BD-4b04-88EB-625FBE52EBFB}</UniqueIdentifier>
      <Extensions>h;hh;hpp;hxx;h++;hm;inl;inc;ipp;xsd</Extensions>
    </Filter>
    <Filter Include="리소스 파일">
      <UniqueIdentifier>{67DA6AB6-F800-4c08-8B7A-83BB121AAD01}</UniqueIdentifier>
      <Extensions>rc;ico;cur;bmp;dlg;rc2;rct;bin;rgs;gif;jpg;jpeg;jpe;resx;tiff;tif;png;wav;mfcribbon-ms</Extensions>
    </Filter>
  </ItemGroup>
  <ItemGroup>
    <ClCompile Include="1316_group_word.cpp">
      <Filter>소스 파일</Filter>
    </ClCompile>
    <ClCompile Include="2745_BtoDec.cpp">
      <Filter>소스 파일</Filter>
    </ClCompile>
    <ClCompile Include="2941_alphabet.cpp">
      <Filter>소스 파일</Filter>
    </ClCompile>
    <ClCompile Include="1193_fraction.cpp">
      <Filter>소스 파일</Filter>
    </ClCompile>
    <ClCompile Include="25206_GPA.cpp">
      <Filter>소스 파일</Filter>
    </ClCompile>
    <ClCompile Include="11653_factorization.cpp">
      <Filter>소스 파일</Filter>
    </ClCompile>
    <ClCompile Include="5073_triangle.cpp">
      <Filter>소스 파일</Filter>
    </ClCompile>
    <ClCompile Include="2563_area.cpp">
      <Filter>소스 파일</Filter>
    </ClCompile>
    <ClCompile Include="9506_factor.cpp">
      <Filter>소스 파일</Filter>
    </ClCompile>
    <ClCompile Include="1152_words.cpp">
      <Filter>소스 파일</Filter>
    </ClCompile>
    <ClCompile Include="1018_chess.cpp">
      <Filter>소스 파일</Filter>
    </ClCompile>
    <ClCompile Include="12865_knapsack.cpp">
      <Filter>소스 파일</Filter>
    </ClCompile>
    <ClCompile Include="2447_star.cpp">
      <Filter>소스 파일</Filter>
    </ClCompile>
    <ClCompile Include="11729_hanoi.cpp">
      <Filter>소스 파일</Filter>
    </ClCompile>
    <ClCompile Include="2750_sort.cpp">
      <Filter>소스 파일</Filter>
    </ClCompile>
    <ClCompile Include="2587_average.cpp">
      <Filter>소스 파일</Filter>
    </ClCompile>
    <ClCompile Include="25305_cutoff.cpp">
      <Filter>소스 파일</Filter>
    </ClCompile>
    <ClCompile Include="2751_sort_function.cpp">
      <Filter>소스 파일</Filter>
    </ClCompile>
    <ClCompile Include="10989_counting_sort.cpp">
      <Filter>소스 파일</Filter>
    </ClCompile>
    <ClCompile Include="1427_sort_inside.cpp">
      <Filter>소스 파일</Filter>
    </ClCompile>
    <ClCompile Include="11650_coord_sort.cpp">
      <Filter>소스 파일</Filter>
    </ClCompile>
    <ClCompile Include="11651_coord_sort.cpp">
      <Filter>소스 파일</Filter>
    </ClCompile>
    <ClCompile Include="1181_word_sort.cpp">
      <Filter>소스 파일</Filter>
    </ClCompile>
    <ClCompile Include="10814_age_sort.cpp">
      <Filter>소스 파일</Filter>
    </ClCompile>
    <ClCompile Include="18870_compress_coord.cpp">
      <Filter>소스 파일</Filter>
    </ClCompile>
    <ClCompile Include="10815_number_card.cpp">
      <Filter>소스 파일</Filter>
    </ClCompile>
    <ClCompile Include="14425_string_set.cpp">
      <Filter>소스 파일</Filter>
    </ClCompile>
    <ClCompile Include="7785_company.cpp">
      <Filter>소스 파일</Filter>
    </ClCompile>
    <ClCompile Include="1620_pokemon.cpp">
      <Filter>소스 파일</Filter>
    </ClCompile>
    <ClCompile Include="10816_number_card2.cpp">
      <Filter>소스 파일</Filter>
    </ClCompile>
    <ClCompile Include="1764_unheard.cpp">
      <Filter>소스 파일</Filter>
    </ClCompile>
    <ClCompile Include="1269_symmetric.cpp">
      <Filter>소스 파일</Filter>
    </ClCompile>
    <ClCompile Include="11478_string.cpp">
      <Filter>소스 파일</Filter>
    </ClCompile>
    <ClCompile Include="28278_stack.cpp">
      <Filter>소스 파일</Filter>
    </ClCompile>
    <ClCompile Include="10773_zero.cpp">
      <Filter>소스 파일</Filter>
    </ClCompile>
    <ClCompile Include="9012_VPS.cpp">
      <Filter>소스 파일</Filter>
    </ClCompile>
    <ClCompile Include="4949_balance.cpp">
      <Filter>소스 파일</Filter>
    </ClCompile>
    <ClCompile Include="12789_snack.cpp">
      <Filter>소스 파일</Filter>
    </ClCompile>
  </ItemGroup>
</Project>